
Microsoft Visual Studio Solution File, Format Version 12.00
# Visual Studio Version 17
VisualStudioVersion = 17.14.36310.24
MinimumVisualStudioVersion = 10.0.40219.1
Project("{FAE04EC0-301F-11D3-BF4B-00C04F79EFBC}") = "Domain", "src\Domain\Domain.csproj", "{8F791FE7-14B9-4EAB-A0E9-6D99011FB313}"
EndProject
Project("{2150E333-8FDC-42A3-9474-1A3956D46DE8}") = "Solution Items", "Solution Items", "{02EA681E-C7D8-13C7-8484-4AC65E1B71E8}"
	ProjectSection(SolutionItems) = preProject
		.editorconfig = .editorconfig
	EndProjectSection
EndProject
Project("{FAE04EC0-301F-11D3-BF4B-00C04F79EFBC}") = "Domain.Tests", "tests\Domain.Tests\Domain.Tests.csproj", "{13EE891C-D154-4F26-9242-EF9A72437FA5}"
EndProject
Project("{FAE04EC0-301F-11D3-BF4B-00C04F79EFBC}") = "Api", "src\Api\Api.csproj", "{CBAFC0F9-5B69-AE5B-776E-B650E010DF04}"
EndProject
Project("{FAE04EC0-301F-11D3-BF4B-00C04F79EFBC}") = "Application", "src\Application\Application.csproj", "{5BDAB160-5258-45DA-1CDF-4BFCF367E785}"
EndProject
Project("{FAE04EC0-301F-11D3-BF4B-00C04F79EFBC}") = "Persistence", "src\Persistence\Persistence.csproj", "{C4F00904-8DBE-0709-B376-61AA41535537}"
EndProject
Global
	GlobalSection(SolutionConfigurationPlatforms) = preSolution
		Debug|Any CPU = Debug|Any CPU
		Release|Any CPU = Release|Any CPU
	EndGlobalSection
	GlobalSection(ProjectConfigurationPlatforms) = postSolution
		{8F791FE7-14B9-4EAB-A0E9-6D99011FB313}.Debug|Any CPU.ActiveCfg = Debug|Any CPU
		{8F791FE7-14B9-4EAB-A0E9-6D99011FB313}.Debug|Any CPU.Build.0 = Debug|Any CPU
		{8F791FE7-14B9-4EAB-A0E9-6D99011FB313}.Release|Any CPU.ActiveCfg = Release|Any CPU
		{8F791FE7-14B9-4EAB-A0E9-6D99011FB313}.Release|Any CPU.Build.0 = Release|Any CPU
		{13EE891C-D154-4F26-9242-EF9A72437FA5}.Debug|Any CPU.ActiveCfg = Debug|Any CPU
		{13EE891C-D154-4F26-9242-EF9A72437FA5}.Debug|Any CPU.Build.0 = Debug|Any CPU
		{13EE891C-D154-4F26-9242-EF9A72437FA5}.Release|Any CPU.ActiveCfg = Release|Any CPU
		{13EE891C-D154-4F26-9242-EF9A72437FA5}.Release|Any CPU.Build.0 = Release|Any CPU
		{CBAFC0F9-5B69-AE5B-776E-B650E010DF04}.Debug|Any CPU.ActiveCfg = Debug|Any CPU
		{CBAFC0F9-5B69-AE5B-776E-B650E010DF04}.Debug|Any CPU.Build.0 = Debug|Any CPU
		{CBAFC0F9-5B69-AE5B-776E-B650E010DF04}.Release|Any CPU.ActiveCfg = Release|Any CPU
		{CBAFC0F9-5B69-AE5B-776E-B650E010DF04}.Release|Any CPU.Build.0 = Release|Any CPU
		{5BDAB160-5258-45DA-1CDF-4BFCF367E785}.Debug|Any CPU.ActiveCfg = Debug|Any CPU
		{5BDAB160-5258-45DA-1CDF-4BFCF367E785}.Debug|Any CPU.Build.0 = Debug|Any CPU
		{5BDAB160-5258-45DA-1CDF-4BFCF367E785}.Release|Any CPU.ActiveCfg = Release|Any CPU
		{5BDAB160-5258-45DA-1CDF-4BFCF367E785}.Release|Any CPU.Build.0 = Release|Any CPU
		{C4F00904-8DBE-0709-B376-61AA41535537}.Debug|Any CPU.ActiveCfg = Debug|Any CPU
		{C4F00904-8DBE-0709-B376-61AA41535537}.Debug|Any CPU.Build.0 = Debug|Any CPU
		{C4F00904-8DBE-0709-B376-61AA41535537}.Release|Any CPU.ActiveCfg = Release|Any CPU
		{C4F00904-8DBE-0709-B376-61AA41535537}.Release|Any CPU.Build.0 = Release|Any CPU
	EndGlobalSection
	GlobalSection(SolutionProperties) = preSolution
		HideSolutionNode = FALSE
	EndGlobalSection
	GlobalSection(ExtensibilityGlobals) = postSolution
		SolutionGuid = {7AEDF7B6-2594-4267-BD4B-5CB573F04511}
	EndGlobalSection
EndGlobal
